
Microsoft Visual Studio Solution File, Format Version 12.00
# Visual Studio Version 17
VisualStudioVersion = 17.3.32825.248
MinimumVisualStudioVersion = 10.0.40219.1
Project("{FAE04EC0-301F-11D3-BF4B-00C04F79EFBC}") = "ex2", "ex2.csproj", "{4ECEF876-142A-4653-A552-28E803A74819}"
EndProject
Global
	GlobalSection(SolutionConfigurationPlatforms) = preSolution
		Debug|Any CPU = Debug|Any CPU
		Release|Any CPU = Release|Any CPU
	EndGlobalSection
	GlobalSection(ProjectConfigurationPlatforms) = postSolution
		{4ECEF876-142A-4653-A552-28E803A74819}.Debug|Any CPU.ActiveCfg = Debug|Any CPU
		{4ECEF876-142A-4653-A552-28E803A74819}.Debug|Any CPU.Build.0 = Debug|Any CPU
		{4ECEF876-142A-4653-A552-28E803A74819}.Release|Any CPU.ActiveCfg = Release|Any CPU
		{4ECEF876-142A-4653-A552-28E803A74819}.Release|Any CPU.Build.0 = Release|Any CPU
	EndGlobalSection
	GlobalSection(SolutionProperties) = preSolution
		HideSolutionNode = FALSE
	EndGlobalSection
	GlobalSection(ExtensibilityGlobals) = postSolution
		SolutionGuid = {F7FEAC83-643D-4F0C-99F3-89CEC25395E3}
	EndGlobalSection
EndGlobal
