
Microsoft Visual Studio Solution File, Format Version 12.00
Project("{FAE04EC0-301F-11D3-BF4B-00C04F79EFBC}") = "lab29", "lab29\lab29.csproj", "{F1240764-00B2-4DE9-A341-6AD9930B1068}"
EndProject
Global
	GlobalSection(SolutionConfigurationPlatforms) = preSolution
		Debug|Any CPU = Debug|Any CPU
		Release|Any CPU = Release|Any CPU
	EndGlobalSection
	GlobalSection(ProjectConfigurationPlatforms) = postSolution
		{F1240764-00B2-4DE9-A341-6AD9930B1068}.Debug|Any CPU.ActiveCfg = Debug|Any CPU
		{F1240764-00B2-4DE9-A341-6AD9930B1068}.Debug|Any CPU.Build.0 = Debug|Any CPU
		{F1240764-00B2-4DE9-A341-6AD9930B1068}.Release|Any CPU.ActiveCfg = Release|Any CPU
		{F1240764-00B2-4DE9-A341-6AD9930B1068}.Release|Any CPU.Build.0 = Release|Any CPU
	EndGlobalSection
EndGlobal
