
Microsoft Visual Studio Solution File, Format Version 12.00
# Visual Studio Version 17
VisualStudioVersion = 17.3.32825.248
MinimumVisualStudioVersion = 10.0.40219.1
Project("{FAE04EC0-301F-11D3-BF4B-00C04F79EFBC}") = "ex1", "ex1.csproj", "{D00454BC-83CF-4989-BAF2-442E85F0509E}"
EndProject
Global
	GlobalSection(SolutionConfigurationPlatforms) = preSolution
		Debug|Any CPU = Debug|Any CPU
		Release|Any CPU = Release|Any CPU
	EndGlobalSection
	GlobalSection(ProjectConfigurationPlatforms) = postSolution
		{D00454BC-83CF-4989-BAF2-442E85F0509E}.Debug|Any CPU.ActiveCfg = Debug|Any CPU
		{D00454BC-83CF-4989-BAF2-442E85F0509E}.Debug|Any CPU.Build.0 = Debug|Any CPU
		{D00454BC-83CF-4989-BAF2-442E85F0509E}.Release|Any CPU.ActiveCfg = Release|Any CPU
		{D00454BC-83CF-4989-BAF2-442E85F0509E}.Release|Any CPU.Build.0 = Release|Any CPU
	EndGlobalSection
	GlobalSection(SolutionProperties) = preSolution
		HideSolutionNode = FALSE
	EndGlobalSection
	GlobalSection(ExtensibilityGlobals) = postSolution
		SolutionGuid = {80A33BF5-0A08-41E9-B432-E86FF32F6AA7}
	EndGlobalSection
EndGlobal
